// !$*UTF8*$!
{
	archiveVersion = 1;
	classes = {
	};
	objectVersion = 50;
	objects = {

/* Begin PBXBuildFile section */
		058557BB273AAA24004C7B11 /* Assets.xcassets in Resources */ = {isa = PBXBuildFile; fileRef = 058557BA273AAA24004C7B11 /* Assets.xcassets */; };
		058557D9273AAEEB004C7B11 /* Preview Assets.xcassets in Resources */ = {isa = PBXBuildFile; fileRef = 058557D8273AAEEB004C7B11 /* Preview Assets.xcassets */; };
		2152FB042600AC8F00CF470E /* iOSApp.swift in Sources */ = {isa = PBXBuildFile; fileRef = 2152FB032600AC8F00CF470E /* iOSApp.swift */; };
		488448D9297B8419005B8A24 /* CompletionViewModel.swift in Sources */ = {isa = PBXBuildFile; fileRef = 488448D8297B8419005B8A24 /* CompletionViewModel.swift */; };
		488448DD297B8DD2005B8A24 /* Color.swift in Sources */ = {isa = PBXBuildFile; fileRef = 488448DC297B8DD2005B8A24 /* Color.swift */; };
		488448DF297B8DF6005B8A24 /* Typography.swift in Sources */ = {isa = PBXBuildFile; fileRef = 488448DE297B8DF6005B8A24 /* Typography.swift */; };
		488448E3297B8F1B005B8A24 /* DefaultTextFieldStyle.swift in Sources */ = {isa = PBXBuildFile; fileRef = 488448E2297B8F1B005B8A24 /* DefaultTextFieldStyle.swift */; };
		488448E6297B9116005B8A24 /* RoundedCorner.swift in Sources */ = {isa = PBXBuildFile; fileRef = 488448E5297B9116005B8A24 /* RoundedCorner.swift */; };
		488448E8297B9198005B8A24 /* ViewModifer.swift in Sources */ = {isa = PBXBuildFile; fileRef = 488448E7297B9198005B8A24 /* ViewModifer.swift */; };
		488448EA297B9843005B8A24 /* Icon.swift in Sources */ = {isa = PBXBuildFile; fileRef = 488448E9297B9843005B8A24 /* Icon.swift */; };
		488448ED297CAC4F005B8A24 /* ChatMessage.swift in Sources */ = {isa = PBXBuildFile; fileRef = 488448EC297CAC4F005B8A24 /* ChatMessage.swift */; };
		488448EF297CD1E8005B8A24 /* ToolbarModifer.swift in Sources */ = {isa = PBXBuildFile; fileRef = 488448EE297CD1E8005B8A24 /* ToolbarModifer.swift */; };
		488448F1297CD209005B8A24 /* ImageButton.swift in Sources */ = {isa = PBXBuildFile; fileRef = 488448F0297CD209005B8A24 /* ImageButton.swift */; };
		488448F6297CDF67005B8A24 /* SideMenu.swift in Sources */ = {isa = PBXBuildFile; fileRef = 488448F5297CDF67005B8A24 /* SideMenu.swift */; };
		488448FC297CE004005B8A24 /* SplashView.swift in Sources */ = {isa = PBXBuildFile; fileRef = 488448FB297CE004005B8A24 /* SplashView.swift */; };
		488448FF297CE035005B8A24 /* AppRouter.swift in Sources */ = {isa = PBXBuildFile; fileRef = 488448FE297CE035005B8A24 /* AppRouter.swift */; };
		48844903297CE07C005B8A24 /* NavGraph.swift in Sources */ = {isa = PBXBuildFile; fileRef = 48844902297CE07C005B8A24 /* NavGraph.swift */; };
		48844905297CE094005B8A24 /* TransitionAnimation.swift in Sources */ = {isa = PBXBuildFile; fileRef = 48844904297CE094005B8A24 /* TransitionAnimation.swift */; };
		4884490A297CE1C5005B8A24 /* MainRouter.swift in Sources */ = {isa = PBXBuildFile; fileRef = 48844909297CE1C5005B8A24 /* MainRouter.swift */; };
		4884490D297CE1E6005B8A24 /* MainView.swift in Sources */ = {isa = PBXBuildFile; fileRef = 4884490C297CE1E6005B8A24 /* MainView.swift */; };
		489A546D297F93F700A6532C /* Config.swift in Sources */ = {isa = PBXBuildFile; fileRef = 489A546C297F93F700A6532C /* Config.swift */; };
		489A54742989A20900A6532C /* FitSplashView.swift in Sources */ = {isa = PBXBuildFile; fileRef = 489A54732989A20900A6532C /* FitSplashView.swift */; };
		489A54792989A76500A6532C /* FitLogo.swift in Sources */ = {isa = PBXBuildFile; fileRef = 489A54782989A76500A6532C /* FitLogo.swift */; };
		489A547C2989AA4800A6532C /* FitHomeView.swift in Sources */ = {isa = PBXBuildFile; fileRef = 489A547B2989AA4800A6532C /* FitHomeView.swift */; };
		489A547F2989B7B900A6532C /* FitMainView.swift in Sources */ = {isa = PBXBuildFile; fileRef = 489A547E2989B7B900A6532C /* FitMainView.swift */; };
		489A54822989D4B300A6532C /* FitChatView.swift in Sources */ = {isa = PBXBuildFile; fileRef = 489A54812989D4B300A6532C /* FitChatView.swift */; };
		489A54842989D4BD00A6532C /* FitChatViewModel.swift in Sources */ = {isa = PBXBuildFile; fileRef = 489A54832989D4BD00A6532C /* FitChatViewModel.swift */; };
		489A54872989D58400A6532C /* TypingLoading.swift in Sources */ = {isa = PBXBuildFile; fileRef = 489A54862989D58400A6532C /* TypingLoading.swift */; };
		489A54892989DAAC00A6532C /* FitToolbar.swift in Sources */ = {isa = PBXBuildFile; fileRef = 489A54882989DAAC00A6532C /* FitToolbar.swift */; };
		489E976629A5049100C61A80 /* ButtonOutlined.swift in Sources */ = {isa = PBXBuildFile; fileRef = 489E976529A5049100C61A80 /* ButtonOutlined.swift */; };
		489E976929A5053400C61A80 /* FeedbackView.swift in Sources */ = {isa = PBXBuildFile; fileRef = 489E976829A5053400C61A80 /* FeedbackView.swift */; };
		7555FF83242A565900829871 /* CompletionView.swift in Sources */ = {isa = PBXBuildFile; fileRef = 7555FF82242A565900829871 /* CompletionView.swift */; };
/* End PBXBuildFile section */

/* Begin PBXCopyFilesBuildPhase section */
		7555FFB4242A642300829871 /* Embed Frameworks */ = {
			isa = PBXCopyFilesBuildPhase;
			buildActionMask = 2147483647;
			dstPath = "";
			dstSubfolderSpec = 10;
			files = (
			);
			name = "Embed Frameworks";
			runOnlyForDeploymentPostprocessing = 0;
		};
/* End PBXCopyFilesBuildPhase section */

/* Begin PBXFileReference section */
		058557BA273AAA24004C7B11 /* Assets.xcassets */ = {isa = PBXFileReference; lastKnownFileType = folder.assetcatalog; path = Assets.xcassets; sourceTree = "<group>"; };
		058557D8273AAEEB004C7B11 /* Preview Assets.xcassets */ = {isa = PBXFileReference; lastKnownFileType = folder.assetcatalog; path = "Preview Assets.xcassets"; sourceTree = "<group>"; };
		2152FB032600AC8F00CF470E /* iOSApp.swift */ = {isa = PBXFileReference; lastKnownFileType = sourcecode.swift; path = iOSApp.swift; sourceTree = "<group>"; };
		488448D8297B8419005B8A24 /* CompletionViewModel.swift */ = {isa = PBXFileReference; lastKnownFileType = sourcecode.swift; path = CompletionViewModel.swift; sourceTree = "<group>"; };
		488448DC297B8DD2005B8A24 /* Color.swift */ = {isa = PBXFileReference; lastKnownFileType = sourcecode.swift; path = Color.swift; sourceTree = "<group>"; };
		488448DE297B8DF6005B8A24 /* Typography.swift */ = {isa = PBXFileReference; lastKnownFileType = sourcecode.swift; path = Typography.swift; sourceTree = "<group>"; };
		488448E2297B8F1B005B8A24 /* DefaultTextFieldStyle.swift */ = {isa = PBXFileReference; lastKnownFileType = sourcecode.swift; path = DefaultTextFieldStyle.swift; sourceTree = "<group>"; };
		488448E5297B9116005B8A24 /* RoundedCorner.swift */ = {isa = PBXFileReference; lastKnownFileType = sourcecode.swift; path = RoundedCorner.swift; sourceTree = "<group>"; };
		488448E7297B9198005B8A24 /* ViewModifer.swift */ = {isa = PBXFileReference; lastKnownFileType = sourcecode.swift; path = ViewModifer.swift; sourceTree = "<group>"; };
		488448E9297B9843005B8A24 /* Icon.swift */ = {isa = PBXFileReference; lastKnownFileType = sourcecode.swift; path = Icon.swift; sourceTree = "<group>"; };
		488448EC297CAC4F005B8A24 /* ChatMessage.swift */ = {isa = PBXFileReference; lastKnownFileType = sourcecode.swift; path = ChatMessage.swift; sourceTree = "<group>"; };
		488448EE297CD1E8005B8A24 /* ToolbarModifer.swift */ = {isa = PBXFileReference; lastKnownFileType = sourcecode.swift; path = ToolbarModifer.swift; sourceTree = "<group>"; };
		488448F0297CD209005B8A24 /* ImageButton.swift */ = {isa = PBXFileReference; lastKnownFileType = sourcecode.swift; path = ImageButton.swift; sourceTree = "<group>"; };
		488448F5297CDF67005B8A24 /* SideMenu.swift */ = {isa = PBXFileReference; lastKnownFileType = sourcecode.swift; path = SideMenu.swift; sourceTree = "<group>"; };
		488448FB297CE004005B8A24 /* SplashView.swift */ = {isa = PBXFileReference; lastKnownFileType = sourcecode.swift; path = SplashView.swift; sourceTree = "<group>"; };
		488448FE297CE035005B8A24 /* AppRouter.swift */ = {isa = PBXFileReference; lastKnownFileType = sourcecode.swift; path = AppRouter.swift; sourceTree = "<group>"; };
		48844902297CE07C005B8A24 /* NavGraph.swift */ = {isa = PBXFileReference; lastKnownFileType = sourcecode.swift; path = NavGraph.swift; sourceTree = "<group>"; };
		48844904297CE094005B8A24 /* TransitionAnimation.swift */ = {isa = PBXFileReference; lastKnownFileType = sourcecode.swift; path = TransitionAnimation.swift; sourceTree = "<group>"; };
		48844909297CE1C5005B8A24 /* MainRouter.swift */ = {isa = PBXFileReference; lastKnownFileType = sourcecode.swift; path = MainRouter.swift; sourceTree = "<group>"; };
		4884490C297CE1E6005B8A24 /* MainView.swift */ = {isa = PBXFileReference; lastKnownFileType = sourcecode.swift; path = MainView.swift; sourceTree = "<group>"; };
		489A546A297F916C00A6532C /* EnvConfig.xcconfig */ = {isa = PBXFileReference; lastKnownFileType = text.xcconfig; path = EnvConfig.xcconfig; sourceTree = "<group>"; };
		489A546C297F93F700A6532C /* Config.swift */ = {isa = PBXFileReference; lastKnownFileType = sourcecode.swift; path = Config.swift; sourceTree = "<group>"; };
		489A5471297F99FC00A6532C /* README.md */ = {isa = PBXFileReference; lastKnownFileType = net.daringfireball.markdown; path = README.md; sourceTree = "<group>"; };
		489A54732989A20900A6532C /* FitSplashView.swift */ = {isa = PBXFileReference; lastKnownFileType = sourcecode.swift; path = FitSplashView.swift; sourceTree = "<group>"; };
		489A54782989A76500A6532C /* FitLogo.swift */ = {isa = PBXFileReference; lastKnownFileType = sourcecode.swift; path = FitLogo.swift; sourceTree = "<group>"; };
		489A547B2989AA4800A6532C /* FitHomeView.swift */ = {isa = PBXFileReference; lastKnownFileType = sourcecode.swift; path = FitHomeView.swift; sourceTree = "<group>"; };
		489A547E2989B7B900A6532C /* FitMainView.swift */ = {isa = PBXFileReference; lastKnownFileType = sourcecode.swift; path = FitMainView.swift; sourceTree = "<group>"; };
		489A54812989D4B300A6532C /* FitChatView.swift */ = {isa = PBXFileReference; lastKnownFileType = sourcecode.swift; path = FitChatView.swift; sourceTree = "<group>"; };
		489A54832989D4BD00A6532C /* FitChatViewModel.swift */ = {isa = PBXFileReference; lastKnownFileType = sourcecode.swift; path = FitChatViewModel.swift; sourceTree = "<group>"; };
		489A54862989D58400A6532C /* TypingLoading.swift */ = {isa = PBXFileReference; lastKnownFileType = sourcecode.swift; path = TypingLoading.swift; sourceTree = "<group>"; };
		489A54882989DAAC00A6532C /* FitToolbar.swift */ = {isa = PBXFileReference; lastKnownFileType = sourcecode.swift; path = FitToolbar.swift; sourceTree = "<group>"; };
		489E976529A5049100C61A80 /* ButtonOutlined.swift */ = {isa = PBXFileReference; lastKnownFileType = sourcecode.swift; path = ButtonOutlined.swift; sourceTree = "<group>"; };
		489E976829A5053400C61A80 /* FeedbackView.swift */ = {isa = PBXFileReference; lastKnownFileType = sourcecode.swift; path = FeedbackView.swift; sourceTree = "<group>"; };
		7555FF7B242A565900829871 /* ios-sample.app */ = {isa = PBXFileReference; explicitFileType = wrapper.application; includeInIndex = 0; path = "ios-sample.app"; sourceTree = BUILT_PRODUCTS_DIR; };
		7555FF82242A565900829871 /* CompletionView.swift */ = {isa = PBXFileReference; lastKnownFileType = sourcecode.swift; path = CompletionView.swift; sourceTree = "<group>"; };
		7555FF8C242A565B00829871 /* Info.plist */ = {isa = PBXFileReference; lastKnownFileType = text.plist.xml; path = Info.plist; sourceTree = "<group>"; };
/* End PBXFileReference section */

/* Begin PBXFrameworksBuildPhase section */
		7555FF78242A565900829871 /* Frameworks */ = {
			isa = PBXFrameworksBuildPhase;
			buildActionMask = 2147483647;
			files = (
			);
			runOnlyForDeploymentPostprocessing = 0;
		};
/* End PBXFrameworksBuildPhase section */

/* Begin PBXGroup section */
		058557D7273AAEEB004C7B11 /* Preview Content */ = {
			isa = PBXGroup;
			children = (
				058557D8273AAEEB004C7B11 /* Preview Assets.xcassets */,
			);
			path = "Preview Content";
			sourceTree = "<group>";
		};
		488448DA297B8D19005B8A24 /* App */ = {
			isa = PBXGroup;
			children = (
				488448FA297CDFF2005B8A24 /* Presenter */,
				488448FD297CE019005B8A24 /* Router */,
				2152FB032600AC8F00CF470E /* iOSApp.swift */,
			);
			path = App;
			sourceTree = "<group>";
		};
		488448DB297B8D57005B8A24 /* UI */ = {
			isa = PBXGroup;
			children = (
				488448E4297B9108005B8A24 /* Modifier */,
				488448E1297B8EF9005B8A24 /* Component */,
				488448E0297B8EF2005B8A24 /* Theme */,
			);
			path = UI;
			sourceTree = "<group>";
		};
		488448E0297B8EF2005B8A24 /* Theme */ = {
			isa = PBXGroup;
			children = (
				488448DC297B8DD2005B8A24 /* Color.swift */,
				488448DE297B8DF6005B8A24 /* Typography.swift */,
				488448E9297B9843005B8A24 /* Icon.swift */,
			);
			path = Theme;
			sourceTree = "<group>";
		};
		488448E1297B8EF9005B8A24 /* Component */ = {
			isa = PBXGroup;
			children = (
				489E976729A5052A00C61A80 /* Message */,
				489A54852989D57700A6532C /* Loading */,
				488448F4297CDF54005B8A24 /* Bar */,
				488448F3297CDF4B005B8A24 /* TextField */,
				488448F2297CDF3F005B8A24 /* Button */,
			);
			path = Component;
			sourceTree = "<group>";
		};
		488448E4297B9108005B8A24 /* Modifier */ = {
			isa = PBXGroup;
			children = (
				488448E5297B9116005B8A24 /* RoundedCorner.swift */,
				488448E7297B9198005B8A24 /* ViewModifer.swift */,
				488448EE297CD1E8005B8A24 /* ToolbarModifer.swift */,
			);
			path = Modifier;
			sourceTree = "<group>";
		};
		488448EB297CAC28005B8A24 /* Completion */ = {
			isa = PBXGroup;
			children = (
				488448F9297CDFD0005B8A24 /* ViewModel */,
				488448F8297CDFC6005B8A24 /* Model */,
				7555FF82242A565900829871 /* CompletionView.swift */,
			);
			path = Completion;
			sourceTree = "<group>";
		};
		488448F2297CDF3F005B8A24 /* Button */ = {
			isa = PBXGroup;
			children = (
				488448F0297CD209005B8A24 /* ImageButton.swift */,
				489E976529A5049100C61A80 /* ButtonOutlined.swift */,
			);
			path = Button;
			sourceTree = "<group>";
		};
		488448F3297CDF4B005B8A24 /* TextField */ = {
			isa = PBXGroup;
			children = (
				488448E2297B8F1B005B8A24 /* DefaultTextFieldStyle.swift */,
			);
			path = TextField;
			sourceTree = "<group>";
		};
		488448F4297CDF54005B8A24 /* Bar */ = {
			isa = PBXGroup;
			children = (
				488448F5297CDF67005B8A24 /* SideMenu.swift */,
			);
			path = Bar;
			sourceTree = "<group>";
		};
		488448F7297CDFB1005B8A24 /* Features */ = {
			isa = PBXGroup;
			children = (
				489A54722989A1EB00A6532C /* Fit */,
				488448EB297CAC28005B8A24 /* Completion */,
			);
			path = Features;
			sourceTree = "<group>";
		};
		488448F8297CDFC6005B8A24 /* Model */ = {
			isa = PBXGroup;
			children = (
				488448EC297CAC4F005B8A24 /* ChatMessage.swift */,
			);
			path = Model;
			sourceTree = "<group>";
		};
		488448F9297CDFD0005B8A24 /* ViewModel */ = {
			isa = PBXGroup;
			children = (
				488448D8297B8419005B8A24 /* CompletionViewModel.swift */,
			);
			path = ViewModel;
			sourceTree = "<group>";
		};
		488448FA297CDFF2005B8A24 /* Presenter */ = {
			isa = PBXGroup;
			children = (
				4884490B297CE1DE005B8A24 /* Main */,
				48844906297CE0D4005B8A24 /* Splash */,
			);
			path = Presenter;
			sourceTree = "<group>";
		};
		488448FD297CE019005B8A24 /* Router */ = {
			isa = PBXGroup;
			children = (
				488448FE297CE035005B8A24 /* AppRouter.swift */,
				48844909297CE1C5005B8A24 /* MainRouter.swift */,
			);
			path = Router;
			sourceTree = "<group>";
		};
		48844900297CE062005B8A24 /* Core */ = {
			isa = PBXGroup;
			children = (
				489A546B297F93EF00A6532C /* Env */,
				48844901297CE06E005B8A24 /* Navigation */,
			);
			path = Core;
			sourceTree = "<group>";
		};
		48844901297CE06E005B8A24 /* Navigation */ = {
			isa = PBXGroup;
			children = (
				48844902297CE07C005B8A24 /* NavGraph.swift */,
				48844904297CE094005B8A24 /* TransitionAnimation.swift */,
			);
			path = Navigation;
			sourceTree = "<group>";
		};
		48844906297CE0D4005B8A24 /* Splash */ = {
			isa = PBXGroup;
			children = (
				488448FB297CE004005B8A24 /* SplashView.swift */,
			);
			path = Splash;
			sourceTree = "<group>";
		};
		4884490B297CE1DE005B8A24 /* Main */ = {
			isa = PBXGroup;
			children = (
				4884490C297CE1E6005B8A24 /* MainView.swift */,
			);
			path = Main;
			sourceTree = "<group>";
		};
		489A546B297F93EF00A6532C /* Env */ = {
			isa = PBXGroup;
			children = (
				489A546C297F93F700A6532C /* Config.swift */,
			);
			path = Env;
			sourceTree = "<group>";
		};
		489A54722989A1EB00A6532C /* Fit */ = {
			isa = PBXGroup;
			children = (
				489A54762989A74B00A6532C /* Components */,
				489A54752989A74100A6532C /* Presentation */,
			);
			path = Fit;
			sourceTree = "<group>";
		};
		489A54752989A74100A6532C /* Presentation */ = {
			isa = PBXGroup;
			children = (
				489A54802989D49600A6532C /* Chat */,
				489A547D2989B6CD00A6532C /* Main */,
				489A547A2989AA3D00A6532C /* Home */,
				489A54772989A75500A6532C /* Splash */,
			);
			path = Presentation;
			sourceTree = "<group>";
		};
		489A54762989A74B00A6532C /* Components */ = {
			isa = PBXGroup;
			children = (
				489A54782989A76500A6532C /* FitLogo.swift */,
				489A54882989DAAC00A6532C /* FitToolbar.swift */,
			);
			path = Components;
			sourceTree = "<group>";
		};
		489A54772989A75500A6532C /* Splash */ = {
			isa = PBXGroup;
			children = (
				489A54732989A20900A6532C /* FitSplashView.swift */,
			);
			path = Splash;
			sourceTree = "<group>";
		};
		489A547A2989AA3D00A6532C /* Home */ = {
			isa = PBXGroup;
			children = (
				489A547B2989AA4800A6532C /* FitHomeView.swift */,
			);
			path = Home;
			sourceTree = "<group>";
		};
		489A547D2989B6CD00A6532C /* Main */ = {
			isa = PBXGroup;
			children = (
				489A547E2989B7B900A6532C /* FitMainView.swift */,
			);
			path = Main;
			sourceTree = "<group>";
		};
		489A54802989D49600A6532C /* Chat */ = {
			isa = PBXGroup;
			children = (
				489A54812989D4B300A6532C /* FitChatView.swift */,
				489A54832989D4BD00A6532C /* FitChatViewModel.swift */,
			);
			path = Chat;
			sourceTree = "<group>";
		};
		489A54852989D57700A6532C /* Loading */ = {
			isa = PBXGroup;
			children = (
				489A54862989D58400A6532C /* TypingLoading.swift */,
			);
			path = Loading;
			sourceTree = "<group>";
		};
		489E976729A5052A00C61A80 /* Message */ = {
			isa = PBXGroup;
			children = (
				489E976829A5053400C61A80 /* FeedbackView.swift */,
			);
			path = Message;
			sourceTree = "<group>";
		};
		7555FF72242A565900829871 = {
			isa = PBXGroup;
			children = (
				7555FF7D242A565900829871 /* ios-sample */,
				7555FF7C242A565900829871 /* Products */,
				7555FFB0242A642200829871 /* Frameworks */,
				489A546A297F916C00A6532C /* EnvConfig.xcconfig */,
				489A5471297F99FC00A6532C /* README.md */,
			);
			sourceTree = "<group>";
		};
		7555FF7C242A565900829871 /* Products */ = {
			isa = PBXGroup;
			children = (
				7555FF7B242A565900829871 /* ios-sample.app */,
			);
			name = Products;
			sourceTree = "<group>";
		};
		7555FF7D242A565900829871 /* ios-sample */ = {
			isa = PBXGroup;
			children = (
				488448DA297B8D19005B8A24 /* App */,
				488448F7297CDFB1005B8A24 /* Features */,
				488448DB297B8D57005B8A24 /* UI */,
				48844900297CE062005B8A24 /* Core */,
				058557D7273AAEEB004C7B11 /* Preview Content */,
				058557BA273AAA24004C7B11 /* Assets.xcassets */,
				7555FF8C242A565B00829871 /* Info.plist */,
			);
			path = "ios-sample";
			sourceTree = "<group>";
		};
		7555FFB0242A642200829871 /* Frameworks */ = {
			isa = PBXGroup;
			children = (
			);
			name = Frameworks;
			sourceTree = "<group>";
		};
/* End PBXGroup section */

/* Begin PBXNativeTarget section */
		7555FF7A242A565900829871 /* ios-sample */ = {
			isa = PBXNativeTarget;
			buildConfigurationList = 7555FFA5242A565B00829871 /* Build configuration list for PBXNativeTarget "ios-sample" */;
			buildPhases = (
				7555FFB5242A651A00829871 /* ShellScript */,
				7555FF77242A565900829871 /* Sources */,
				7555FF78242A565900829871 /* Frameworks */,
				7555FF79242A565900829871 /* Resources */,
				7555FFB4242A642300829871 /* Embed Frameworks */,
			);
			buildRules = (
			);
			dependencies = (
			);
			name = "ios-sample";
			productName = "ios-sample";
			productReference = 7555FF7B242A565900829871 /* ios-sample.app */;
			productType = "com.apple.product-type.application";
		};
/* End PBXNativeTarget section */

/* Begin PBXProject section */
		7555FF73242A565900829871 /* Project object */ = {
			isa = PBXProject;
			attributes = {
				LastSwiftUpdateCheck = 1130;
				LastUpgradeCheck = 1130;
				ORGANIZATIONNAME = orgName;
				TargetAttributes = {
					7555FF7A242A565900829871 = {
						CreatedOnToolsVersion = 11.3.1;
					};
				};
			};
			buildConfigurationList = 7555FF76242A565900829871 /* Build configuration list for PBXProject "ios-sample" */;
			compatibilityVersion = "Xcode 9.3";
			developmentRegion = en;
			hasScannedForEncodings = 0;
			knownRegions = (
				en,
				Base,
			);
			mainGroup = 7555FF72242A565900829871;
			productRefGroup = 7555FF7C242A565900829871 /* Products */;
			projectDirPath = "";
			projectRoot = "";
			targets = (
				7555FF7A242A565900829871 /* ios-sample */,
			);
		};
/* End PBXProject section */

/* Begin PBXResourcesBuildPhase section */
		7555FF79242A565900829871 /* Resources */ = {
			isa = PBXResourcesBuildPhase;
			buildActionMask = 2147483647;
			files = (
				058557D9273AAEEB004C7B11 /* Preview Assets.xcassets in Resources */,
				058557BB273AAA24004C7B11 /* Assets.xcassets in Resources */,
			);
			runOnlyForDeploymentPostprocessing = 0;
		};
/* End PBXResourcesBuildPhase section */

/* Begin PBXShellScriptBuildPhase section */
		7555FFB5242A651A00829871 /* ShellScript */ = {
			isa = PBXShellScriptBuildPhase;
			buildActionMask = 2147483647;
			files = (
			);
			inputFileListPaths = (
			);
			inputPaths = (
			);
			outputFileListPaths = (
			);
			outputPaths = (
			);
			runOnlyForDeploymentPostprocessing = 0;
			shellPath = /bin/sh;
			shellScript = "cd \"$SRCROOT/..\"\n./gradlew :ychat:embedAndSignAppleFrameworkForXcode\n";
		};
/* End PBXShellScriptBuildPhase section */

/* Begin PBXSourcesBuildPhase section */
		7555FF77242A565900829871 /* Sources */ = {
			isa = PBXSourcesBuildPhase;
			buildActionMask = 2147483647;
			files = (
				48844903297CE07C005B8A24 /* NavGraph.swift in Sources */,
				489A54872989D58400A6532C /* TypingLoading.swift in Sources */,
				488448DF297B8DF6005B8A24 /* Typography.swift in Sources */,
				488448E3297B8F1B005B8A24 /* DefaultTextFieldStyle.swift in Sources */,
				488448D9297B8419005B8A24 /* CompletionViewModel.swift in Sources */,
				48844905297CE094005B8A24 /* TransitionAnimation.swift in Sources */,
				489A54822989D4B300A6532C /* FitChatView.swift in Sources */,
				4884490D297CE1E6005B8A24 /* MainView.swift in Sources */,
				488448ED297CAC4F005B8A24 /* ChatMessage.swift in Sources */,
				488448EA297B9843005B8A24 /* Icon.swift in Sources */,
				488448DD297B8DD2005B8A24 /* Color.swift in Sources */,
				489E976929A5053400C61A80 /* FeedbackView.swift in Sources */,
				489A54842989D4BD00A6532C /* FitChatViewModel.swift in Sources */,
				488448EF297CD1E8005B8A24 /* ToolbarModifer.swift in Sources */,
				489A547C2989AA4800A6532C /* FitHomeView.swift in Sources */,
				488448F1297CD209005B8A24 /* ImageButton.swift in Sources */,
				488448FF297CE035005B8A24 /* AppRouter.swift in Sources */,
				489E976629A5049100C61A80 /* ButtonOutlined.swift in Sources */,
				489A54742989A20900A6532C /* FitSplashView.swift in Sources */,
				488448F6297CDF67005B8A24 /* SideMenu.swift in Sources */,
				2152FB042600AC8F00CF470E /* iOSApp.swift in Sources */,
				488448E8297B9198005B8A24 /* ViewModifer.swift in Sources */,
				7555FF83242A565900829871 /* CompletionView.swift in Sources */,
				488448E6297B9116005B8A24 /* RoundedCorner.swift in Sources */,
				489A54792989A76500A6532C /* FitLogo.swift in Sources */,
				489A546D297F93F700A6532C /* Config.swift in Sources */,
				488448FC297CE004005B8A24 /* SplashView.swift in Sources */,
				489A54892989DAAC00A6532C /* FitToolbar.swift in Sources */,
				4884490A297CE1C5005B8A24 /* MainRouter.swift in Sources */,
				489A547F2989B7B900A6532C /* FitMainView.swift in Sources */,
			);
			runOnlyForDeploymentPostprocessing = 0;
		};
/* End PBXSourcesBuildPhase section */

/* Begin XCBuildConfiguration section */
		7555FFA3242A565B00829871 /* Debug */ = {
			isa = XCBuildConfiguration;
			baseConfigurationReference = 489A546A297F916C00A6532C /* EnvConfig.xcconfig */;
			buildSettings = {
				ALWAYS_SEARCH_USER_PATHS = NO;
				CLANG_ANALYZER_NONNULL = YES;
				CLANG_ANALYZER_NUMBER_OBJECT_CONVERSION = YES_AGGRESSIVE;
				CLANG_CXX_LANGUAGE_STANDARD = "gnu++14";
				CLANG_CXX_LIBRARY = "libc++";
				CLANG_ENABLE_MODULES = YES;
				CLANG_ENABLE_OBJC_ARC = YES;
				CLANG_ENABLE_OBJC_WEAK = YES;
				CLANG_WARN_BLOCK_CAPTURE_AUTORELEASING = YES;
				CLANG_WARN_BOOL_CONVERSION = YES;
				CLANG_WARN_COMMA = YES;
				CLANG_WARN_CONSTANT_CONVERSION = YES;
				CLANG_WARN_DEPRECATED_OBJC_IMPLEMENTATIONS = YES;
				CLANG_WARN_DIRECT_OBJC_ISA_USAGE = YES_ERROR;
				CLANG_WARN_DOCUMENTATION_COMMENTS = YES;
				CLANG_WARN_EMPTY_BODY = YES;
				CLANG_WARN_ENUM_CONVERSION = YES;
				CLANG_WARN_INFINITE_RECURSION = YES;
				CLANG_WARN_INT_CONVERSION = YES;
				CLANG_WARN_NON_LITERAL_NULL_CONVERSION = YES;
				CLANG_WARN_OBJC_IMPLICIT_RETAIN_SELF = YES;
				CLANG_WARN_OBJC_LITERAL_CONVERSION = YES;
				CLANG_WARN_OBJC_ROOT_CLASS = YES_ERROR;
				CLANG_WARN_QUOTED_INCLUDE_IN_FRAMEWORK_HEADER = YES;
				CLANG_WARN_RANGE_LOOP_ANALYSIS = YES;
				CLANG_WARN_STRICT_PROTOTYPES = YES;
				CLANG_WARN_SUSPICIOUS_MOVE = YES;
				CLANG_WARN_UNGUARDED_AVAILABILITY = YES_AGGRESSIVE;
				CLANG_WARN_UNREACHABLE_CODE = YES;
				CLANG_WARN__DUPLICATE_METHOD_MATCH = YES;
				COPY_PHASE_STRIP = NO;
				DEBUG_INFORMATION_FORMAT = "dwarf-with-dsym";
				ENABLE_STRICT_OBJC_MSGSEND = YES;
				ENABLE_TESTABILITY = YES;
				GCC_C_LANGUAGE_STANDARD = gnu11;
				GCC_DYNAMIC_NO_PIC = NO;
				GCC_NO_COMMON_BLOCKS = YES;
				GCC_OPTIMIZATION_LEVEL = 0;
				GCC_PREPROCESSOR_DEFINITIONS = (
					"DEBUG=1",
					"$(inherited)",
				);
				GCC_WARN_64_TO_32_BIT_CONVERSION = YES;
				GCC_WARN_ABOUT_RETURN_TYPE = YES_ERROR;
				GCC_WARN_UNDECLARED_SELECTOR = YES;
				GCC_WARN_UNINITIALIZED_AUTOS = YES_AGGRESSIVE;
				GCC_WARN_UNUSED_FUNCTION = YES;
				GCC_WARN_UNUSED_VARIABLE = YES;
				IPHONEOS_DEPLOYMENT_TARGET = 16.0;
				MTL_ENABLE_DEBUG_INFO = INCLUDE_SOURCE;
				MTL_FAST_MATH = YES;
				ONLY_ACTIVE_ARCH = YES;
				SDKROOT = iphoneos;
				SWIFT_ACTIVE_COMPILATION_CONDITIONS = DEBUG;
				SWIFT_OPTIMIZATION_LEVEL = "-Onone";
			};
			name = Debug;
		};
		7555FFA4242A565B00829871 /* Release */ = {
			isa = XCBuildConfiguration;
			baseConfigurationReference = 489A546A297F916C00A6532C /* EnvConfig.xcconfig */;
			buildSettings = {
				ALWAYS_SEARCH_USER_PATHS = NO;
				CLANG_ANALYZER_NONNULL = YES;
				CLANG_ANALYZER_NUMBER_OBJECT_CONVERSION = YES_AGGRESSIVE;
				CLANG_CXX_LANGUAGE_STANDARD = "gnu++14";
				CLANG_CXX_LIBRARY = "libc++";
				CLANG_ENABLE_MODULES = YES;
				CLANG_ENABLE_OBJC_ARC = YES;
				CLANG_ENABLE_OBJC_WEAK = YES;
				CLANG_WARN_BLOCK_CAPTURE_AUTORELEASING = YES;
				CLANG_WARN_BOOL_CONVERSION = YES;
				CLANG_WARN_COMMA = YES;
				CLANG_WARN_CONSTANT_CONVERSION = YES;
				CLANG_WARN_DEPRECATED_OBJC_IMPLEMENTATIONS = YES;
				CLANG_WARN_DIRECT_OBJC_ISA_USAGE = YES_ERROR;
				CLANG_WARN_DOCUMENTATION_COMMENTS = YES;
				CLANG_WARN_EMPTY_BODY = YES;
				CLANG_WARN_ENUM_CONVERSION = YES;
				CLANG_WARN_INFINITE_RECURSION = YES;
				CLANG_WARN_INT_CONVERSION = YES;
				CLANG_WARN_NON_LITERAL_NULL_CONVERSION = YES;
				CLANG_WARN_OBJC_IMPLICIT_RETAIN_SELF = YES;
				CLANG_WARN_OBJC_LITERAL_CONVERSION = YES;
				CLANG_WARN_OBJC_ROOT_CLASS = YES_ERROR;
				CLANG_WARN_QUOTED_INCLUDE_IN_FRAMEWORK_HEADER = YES;
				CLANG_WARN_RANGE_LOOP_ANALYSIS = YES;
				CLANG_WARN_STRICT_PROTOTYPES = YES;
				CLANG_WARN_SUSPICIOUS_MOVE = YES;
				CLANG_WARN_UNGUARDED_AVAILABILITY = YES_AGGRESSIVE;
				CLANG_WARN_UNREACHABLE_CODE = YES;
				CLANG_WARN__DUPLICATE_METHOD_MATCH = YES;
				COPY_PHASE_STRIP = NO;
				DEBUG_INFORMATION_FORMAT = "dwarf-with-dsym";
				ENABLE_NS_ASSERTIONS = NO;
				ENABLE_STRICT_OBJC_MSGSEND = YES;
				GCC_C_LANGUAGE_STANDARD = gnu11;
				GCC_NO_COMMON_BLOCKS = YES;
				GCC_WARN_64_TO_32_BIT_CONVERSION = YES;
				GCC_WARN_ABOUT_RETURN_TYPE = YES_ERROR;
				GCC_WARN_UNDECLARED_SELECTOR = YES;
				GCC_WARN_UNINITIALIZED_AUTOS = YES_AGGRESSIVE;
				GCC_WARN_UNUSED_FUNCTION = YES;
				GCC_WARN_UNUSED_VARIABLE = YES;
				IPHONEOS_DEPLOYMENT_TARGET = 16.0;
				MTL_ENABLE_DEBUG_INFO = NO;
				MTL_FAST_MATH = YES;
				SDKROOT = iphoneos;
				SWIFT_COMPILATION_MODE = wholemodule;
				SWIFT_OPTIMIZATION_LEVEL = "-O";
				VALIDATE_PRODUCT = YES;
			};
			name = Release;
		};
		7555FFA6242A565B00829871 /* Debug */ = {
			isa = XCBuildConfiguration;
			baseConfigurationReference = 489A546A297F916C00A6532C /* EnvConfig.xcconfig */;
			buildSettings = {
				ASSETCATALOG_COMPILER_APPICON_NAME = AppIcon;
				CODE_SIGN_STYLE = Automatic;
				DEVELOPMENT_ASSET_PATHS = "\"ios-sample/Preview Content\"";
				DEVELOPMENT_TEAM = SYJ7DHUDC6;
				ENABLE_PREVIEWS = YES;
				FRAMEWORK_SEARCH_PATHS = "$(SRCROOT)/../ychat/build/xcode-frameworks/$(CONFIGURATION)/$(SDK_NAME)";
				INFOPLIST_FILE = "ios-sample/Info.plist";
				LD_RUNPATH_SEARCH_PATHS = (
					"$(inherited)",
					"@executable_path/Frameworks",
				);
				OTHER_LDFLAGS = "$(inherited)";
				PRODUCT_BUNDLE_IDENTIFIER = "orgIdentifier.ios-sample";
				PRODUCT_NAME = "$(TARGET_NAME)";
				SWIFT_VERSION = 5.0;
				TARGETED_DEVICE_FAMILY = "1,2";
			};
			name = Debug;
		};
		7555FFA7242A565B00829871 /* Release */ = {
			isa = XCBuildConfiguration;
			baseConfigurationReference = 489A546A297F916C00A6532C /* EnvConfig.xcconfig */;
			buildSettings = {
				ASSETCATALOG_COMPILER_APPICON_NAME = AppIcon;
				CODE_SIGN_STYLE = Automatic;
				DEVELOPMENT_ASSET_PATHS = "\"ios-sample/Preview Content\"";
				DEVELOPMENT_TEAM = SYJ7DHUDC6;
				ENABLE_PREVIEWS = YES;
				FRAMEWORK_SEARCH_PATHS = "$(SRCROOT)/../ychat/build/xcode-frameworks/$(CONFIGURATION)/$(SDK_NAME)";
				INFOPLIST_FILE = "ios-sample/Info.plist";
				LD_RUNPATH_SEARCH_PATHS = (
					"$(inherited)",
					"@executable_path/Frameworks",
				);
				OTHER_LDFLAGS = "$(inherited)";
				PRODUCT_BUNDLE_IDENTIFIER = "orgIdentifier.ios-sample";
				PRODUCT_NAME = "$(TARGET_NAME)";
				SWIFT_VERSION = 5.0;
				TARGETED_DEVICE_FAMILY = "1,2";
			};
			name = Release;
		};
/* End XCBuildConfiguration section */

/* Begin XCConfigurationList section */
		7555FF76242A565900829871 /* Build configuration list for PBXProject "ios-sample" */ = {
			isa = XCConfigurationList;
			buildConfigurations = (
				7555FFA3242A565B00829871 /* Debug */,
				7555FFA4242A565B00829871 /* Release */,
			);
			defaultConfigurationIsVisible = 0;
			defaultConfigurationName = Release;
		};
		7555FFA5242A565B00829871 /* Build configuration list for PBXNativeTarget "ios-sample" */ = {
			isa = XCConfigurationList;
			buildConfigurations = (
				7555FFA6242A565B00829871 /* Debug */,
				7555FFA7242A565B00829871 /* Release */,
			);
			defaultConfigurationIsVisible = 0;
			defaultConfigurationName = Release;
		};
/* End XCConfigurationList section */
	};
	rootObject = 7555FF73242A565900829871 /* Project object */;
}
