// !$*UTF8*$!
{
	archiveVersion = 1;
	classes = {
	};
	objectVersion = 52;
	objects = {

/* Begin PBXBuildFile section */
		058557BB273AAA24004C7B11 /* Assets.xcassets in Resources */ = {isa = PBXBuildFile; fileRef = 058557BA273AAA24004C7B11 /* Assets.xcassets */; };
		058557D9273AAEEB004C7B11 /* Preview Assets.xcassets in Resources */ = {isa = PBXBuildFile; fileRef = 058557D8273AAEEB004C7B11 /* Preview Assets.xcassets */; };
		2152FB042600AC8F00CF470E /* YChatApp.swift in Sources */ = {isa = PBXBuildFile; fileRef = 2152FB032600AC8F00CF470E /* YChatApp.swift */; };
		486C6F7129DF647F006E427E /* HomeMenu.swift in Sources */ = {isa = PBXBuildFile; fileRef = 486C6F7029DF647F006E427E /* HomeMenu.swift */; };
		486C6F7429DFA3BE006E427E /* LogoLabel.swift in Sources */ = {isa = PBXBuildFile; fileRef = 486C6F7329DFA3BE006E427E /* LogoLabel.swift */; };
		486C6F7629E08207006E427E /* LogoSplash.swift in Sources */ = {isa = PBXBuildFile; fileRef = 486C6F7529E08207006E427E /* LogoSplash.swift */; };
		486C6F7929E08456006E427E /* Feedback.swift in Sources */ = {isa = PBXBuildFile; fileRef = 486C6F7829E08456006E427E /* Feedback.swift */; };
		486C6F7B29E086C0006E427E /* ButtonOutlined.swift in Sources */ = {isa = PBXBuildFile; fileRef = 486C6F7A29E086C0006E427E /* ButtonOutlined.swift */; };
		486C6F7D29E088EA006E427E /* ButtonContained.swift in Sources */ = {isa = PBXBuildFile; fileRef = 486C6F7C29E088EA006E427E /* ButtonContained.swift */; };
		486C6F8029E08D46006E427E /* TypingLoading.swift in Sources */ = {isa = PBXBuildFile; fileRef = 486C6F7F29E08D46006E427E /* TypingLoading.swift */; };
		486C6F8329E11316006E427E /* BallonMessage.swift in Sources */ = {isa = PBXBuildFile; fileRef = 486C6F8229E11316006E427E /* BallonMessage.swift */; };
		486C6F8A29E612D0006E427E /* ItemMenu.swift in Sources */ = {isa = PBXBuildFile; fileRef = 486C6F8929E612D0006E427E /* ItemMenu.swift */; };
		486C6F8D29E61520006E427E /* ModelsView.swift in Sources */ = {isa = PBXBuildFile; fileRef = 486C6F8C29E61520006E427E /* ModelsView.swift */; };
		486C6F9029E615A6006E427E /* ModelsViewModel.swift in Sources */ = {isa = PBXBuildFile; fileRef = 486C6F8F29E615A6006E427E /* ModelsViewModel.swift */; };
		486C6F9429E61D4E006E427E /* OutputBox.swift in Sources */ = {isa = PBXBuildFile; fileRef = 486C6F9329E61D4E006E427E /* OutputBox.swift */; };
		486C6F9729E6544E006E427E /* CompletionsView.swift in Sources */ = {isa = PBXBuildFile; fileRef = 486C6F9629E6544E006E427E /* CompletionsView.swift */; };
		486C6F9A29E655D1006E427E /* CompletionsViewModel.swift in Sources */ = {isa = PBXBuildFile; fileRef = 486C6F9929E655D1006E427E /* CompletionsViewModel.swift */; };
		486C6F9F29E9E8E1006E427E /* ToyotaMainView.swift in Sources */ = {isa = PBXBuildFile; fileRef = 486C6F9E29E9E8E1006E427E /* ToyotaMainView.swift */; };
		486C6FA129E9F23F006E427E /* ToyotaChatView.swift in Sources */ = {isa = PBXBuildFile; fileRef = 486C6FA029E9F23F006E427E /* ToyotaChatView.swift */; };
		486C6FA329EA03F2006E427E /* ToyotaChatViewModel.swift in Sources */ = {isa = PBXBuildFile; fileRef = 486C6FA229EA03F2006E427E /* ToyotaChatViewModel.swift */; };
		486C6FA829EA4B14006E427E /* BuyingLeasingCard.swift in Sources */ = {isa = PBXBuildFile; fileRef = 486C6FA729EA4B14006E427E /* BuyingLeasingCard.swift */; };
		486C6FAA29EB3F31006E427E /* toyota_chatbot_memory.json in Resources */ = {isa = PBXBuildFile; fileRef = 486C6FA929EB3F31006E427E /* toyota_chatbot_memory.json */; };
		486C6FAD29EB3F74006E427E /* ToyotaChatBotUseCase.swift in Sources */ = {isa = PBXBuildFile; fileRef = 486C6FAC29EB3F74006E427E /* ToyotaChatBotUseCase.swift */; };
		486C6FB229EB441E006E427E /* ToyotaChatProvider.swift in Sources */ = {isa = PBXBuildFile; fileRef = 486C6FB129EB441E006E427E /* ToyotaChatProvider.swift */; };
		486C6FB429EB4458006E427E /* ChatBotContext.swift in Sources */ = {isa = PBXBuildFile; fileRef = 486C6FB329EB4458006E427E /* ChatBotContext.swift */; };
		486C6FB729EB4F3D006E427E /* Link.swift in Sources */ = {isa = PBXBuildFile; fileRef = 486C6FB629EB4F3D006E427E /* Link.swift */; };
		486C6FB929EB4FC1006E427E /* SafariView.swift in Sources */ = {isa = PBXBuildFile; fileRef = 486C6FB829EB4FC1006E427E /* SafariView.swift */; };
		488448D9297B8419005B8A24 /* ChatCompletionsViewModel.swift in Sources */ = {isa = PBXBuildFile; fileRef = 488448D8297B8419005B8A24 /* ChatCompletionsViewModel.swift */; };
		488448DD297B8DD2005B8A24 /* Color.swift in Sources */ = {isa = PBXBuildFile; fileRef = 488448DC297B8DD2005B8A24 /* Color.swift */; };
		488448DF297B8DF6005B8A24 /* Typography.swift in Sources */ = {isa = PBXBuildFile; fileRef = 488448DE297B8DF6005B8A24 /* Typography.swift */; };
		488448E3297B8F1B005B8A24 /* DefaultTextFieldStyle.swift in Sources */ = {isa = PBXBuildFile; fileRef = 488448E2297B8F1B005B8A24 /* DefaultTextFieldStyle.swift */; };
		488448E6297B9116005B8A24 /* RoundedCorner.swift in Sources */ = {isa = PBXBuildFile; fileRef = 488448E5297B9116005B8A24 /* RoundedCorner.swift */; };
		488448E8297B9198005B8A24 /* ViewModifer.swift in Sources */ = {isa = PBXBuildFile; fileRef = 488448E7297B9198005B8A24 /* ViewModifer.swift */; };
		488448EA297B9843005B8A24 /* Icon.swift in Sources */ = {isa = PBXBuildFile; fileRef = 488448E9297B9843005B8A24 /* Icon.swift */; };
		488448ED297CAC4F005B8A24 /* ChatMessage.swift in Sources */ = {isa = PBXBuildFile; fileRef = 488448EC297CAC4F005B8A24 /* ChatMessage.swift */; };
		488448EF297CD1E8005B8A24 /* ToolbarModifer.swift in Sources */ = {isa = PBXBuildFile; fileRef = 488448EE297CD1E8005B8A24 /* ToolbarModifer.swift */; };
		488448F1297CD209005B8A24 /* ImageButton.swift in Sources */ = {isa = PBXBuildFile; fileRef = 488448F0297CD209005B8A24 /* ImageButton.swift */; };
		488448F6297CDF67005B8A24 /* SideMenu.swift in Sources */ = {isa = PBXBuildFile; fileRef = 488448F5297CDF67005B8A24 /* SideMenu.swift */; };
		488448FC297CE004005B8A24 /* SplashView.swift in Sources */ = {isa = PBXBuildFile; fileRef = 488448FB297CE004005B8A24 /* SplashView.swift */; };
		488448FF297CE035005B8A24 /* AppRouter.swift in Sources */ = {isa = PBXBuildFile; fileRef = 488448FE297CE035005B8A24 /* AppRouter.swift */; };
		48844903297CE07C005B8A24 /* NavGraph.swift in Sources */ = {isa = PBXBuildFile; fileRef = 48844902297CE07C005B8A24 /* NavGraph.swift */; };
		48844905297CE094005B8A24 /* TransitionAnimation.swift in Sources */ = {isa = PBXBuildFile; fileRef = 48844904297CE094005B8A24 /* TransitionAnimation.swift */; };
		4884490D297CE1E6005B8A24 /* HomeView.swift in Sources */ = {isa = PBXBuildFile; fileRef = 4884490C297CE1E6005B8A24 /* HomeView.swift */; };
		4888F5E229EEDFD000A5F592 /* StringExtensions.swift in Sources */ = {isa = PBXBuildFile; fileRef = 4888F5E129EEDFD000A5F592 /* StringExtensions.swift */; };
		4888F5E629EEE2C500A5F592 /* MessageState.swift in Sources */ = {isa = PBXBuildFile; fileRef = 4888F5E529EEE2C500A5F592 /* MessageState.swift */; };
		4888F5E829EF593200A5F592 /* VehicleCardView.swift in Sources */ = {isa = PBXBuildFile; fileRef = 4888F5E729EF593200A5F592 /* VehicleCardView.swift */; };
		4888F5EA29EF5B5700A5F592 /* ViewExtensions.swift in Sources */ = {isa = PBXBuildFile; fileRef = 4888F5E929EF5B5700A5F592 /* ViewExtensions.swift */; };
		4888F5ED29EF5FF200A5F592 /* VehicleModel.swift in Sources */ = {isa = PBXBuildFile; fileRef = 4888F5EC29EF5FF200A5F592 /* VehicleModel.swift */; };
		4888F5F029EF94BA00A5F592 /* ACarousel in Frameworks */ = {isa = PBXBuildFile; productRef = 4888F5EF29EF94BA00A5F592 /* ACarousel */; };
		4888F5F229F0299E00A5F592 /* BallonBotMessageFactory.swift in Sources */ = {isa = PBXBuildFile; fileRef = 4888F5F129F0299E00A5F592 /* BallonBotMessageFactory.swift */; };
		4888F5F429F0386700A5F592 /* ToyotaApiMock.swift in Sources */ = {isa = PBXBuildFile; fileRef = 4888F5F329F0386700A5F592 /* ToyotaApiMock.swift */; };
		4888F5F629F043A500A5F592 /* LeaseSummaryView.swift in Sources */ = {isa = PBXBuildFile; fileRef = 4888F5F529F043A500A5F592 /* LeaseSummaryView.swift */; };
		489A546D297F93F700A6532C /* Config.swift in Sources */ = {isa = PBXBuildFile; fileRef = 489A546C297F93F700A6532C /* Config.swift */; };
		48FB3CEE29ED8AA7000C8C26 /* ImageSaver.swift in Sources */ = {isa = PBXBuildFile; fileRef = 48FB3CED29ED8AA7000C8C26 /* ImageSaver.swift */; };
		48FB3CF029EDD721000C8C26 /* TypeWriterText.swift in Sources */ = {isa = PBXBuildFile; fileRef = 48FB3CEF29EDD721000C8C26 /* TypeWriterText.swift */; };
		7555FF83242A565900829871 /* ChatCompletionsView.swift in Sources */ = {isa = PBXBuildFile; fileRef = 7555FF82242A565900829871 /* ChatCompletionsView.swift */; };
/* End PBXBuildFile section */

/* Begin PBXCopyFilesBuildPhase section */
		7555FFB4242A642300829871 /* Embed Frameworks */ = {
			isa = PBXCopyFilesBuildPhase;
			buildActionMask = 2147483647;
			dstPath = "";
			dstSubfolderSpec = 10;
			files = (
			);
			name = "Embed Frameworks";
			runOnlyForDeploymentPostprocessing = 0;
		};
/* End PBXCopyFilesBuildPhase section */

/* Begin PBXFileReference section */
		058557BA273AAA24004C7B11 /* Assets.xcassets */ = {isa = PBXFileReference; lastKnownFileType = folder.assetcatalog; path = Assets.xcassets; sourceTree = "<group>"; };
		058557D8273AAEEB004C7B11 /* Preview Assets.xcassets */ = {isa = PBXFileReference; lastKnownFileType = folder.assetcatalog; path = "Preview Assets.xcassets"; sourceTree = "<group>"; };
		2152FB032600AC8F00CF470E /* YChatApp.swift */ = {isa = PBXFileReference; lastKnownFileType = sourcecode.swift; path = YChatApp.swift; sourceTree = "<group>"; };
		486C6F7029DF647F006E427E /* HomeMenu.swift */ = {isa = PBXFileReference; lastKnownFileType = sourcecode.swift; path = HomeMenu.swift; sourceTree = "<group>"; };
		486C6F7329DFA3BE006E427E /* LogoLabel.swift */ = {isa = PBXFileReference; lastKnownFileType = sourcecode.swift; path = LogoLabel.swift; sourceTree = "<group>"; };
		486C6F7529E08207006E427E /* LogoSplash.swift */ = {isa = PBXFileReference; lastKnownFileType = sourcecode.swift; path = LogoSplash.swift; sourceTree = "<group>"; };
		486C6F7829E08456006E427E /* Feedback.swift */ = {isa = PBXFileReference; lastKnownFileType = sourcecode.swift; path = Feedback.swift; sourceTree = "<group>"; };
		486C6F7A29E086C0006E427E /* ButtonOutlined.swift */ = {isa = PBXFileReference; lastKnownFileType = sourcecode.swift; path = ButtonOutlined.swift; sourceTree = "<group>"; };
		486C6F7C29E088EA006E427E /* ButtonContained.swift */ = {isa = PBXFileReference; lastKnownFileType = sourcecode.swift; path = ButtonContained.swift; sourceTree = "<group>"; };
		486C6F7F29E08D46006E427E /* TypingLoading.swift */ = {isa = PBXFileReference; lastKnownFileType = sourcecode.swift; path = TypingLoading.swift; sourceTree = "<group>"; };
		486C6F8229E11316006E427E /* BallonMessage.swift */ = {isa = PBXFileReference; lastKnownFileType = sourcecode.swift; path = BallonMessage.swift; sourceTree = "<group>"; };
		486C6F8929E612D0006E427E /* ItemMenu.swift */ = {isa = PBXFileReference; lastKnownFileType = sourcecode.swift; path = ItemMenu.swift; sourceTree = "<group>"; };
		486C6F8C29E61520006E427E /* ModelsView.swift */ = {isa = PBXFileReference; lastKnownFileType = sourcecode.swift; path = ModelsView.swift; sourceTree = "<group>"; };
		486C6F8F29E615A6006E427E /* ModelsViewModel.swift */ = {isa = PBXFileReference; lastKnownFileType = sourcecode.swift; path = ModelsViewModel.swift; sourceTree = "<group>"; };
		486C6F9329E61D4E006E427E /* OutputBox.swift */ = {isa = PBXFileReference; lastKnownFileType = sourcecode.swift; path = OutputBox.swift; sourceTree = "<group>"; };
		486C6F9629E6544E006E427E /* CompletionsView.swift */ = {isa = PBXFileReference; lastKnownFileType = sourcecode.swift; path = CompletionsView.swift; sourceTree = "<group>"; };
		486C6F9929E655D1006E427E /* CompletionsViewModel.swift */ = {isa = PBXFileReference; lastKnownFileType = sourcecode.swift; path = CompletionsViewModel.swift; sourceTree = "<group>"; };
		486C6F9E29E9E8E1006E427E /* ToyotaMainView.swift */ = {isa = PBXFileReference; lastKnownFileType = sourcecode.swift; path = ToyotaMainView.swift; sourceTree = "<group>"; };
		486C6FA029E9F23F006E427E /* ToyotaChatView.swift */ = {isa = PBXFileReference; lastKnownFileType = sourcecode.swift; path = ToyotaChatView.swift; sourceTree = "<group>"; };
		486C6FA229EA03F2006E427E /* ToyotaChatViewModel.swift */ = {isa = PBXFileReference; lastKnownFileType = sourcecode.swift; path = ToyotaChatViewModel.swift; sourceTree = "<group>"; };
		486C6FA729EA4B14006E427E /* BuyingLeasingCard.swift */ = {isa = PBXFileReference; lastKnownFileType = sourcecode.swift; path = BuyingLeasingCard.swift; sourceTree = "<group>"; };
		486C6FA929EB3F31006E427E /* toyota_chatbot_memory.json */ = {isa = PBXFileReference; fileEncoding = 4; lastKnownFileType = text.json; path = toyota_chatbot_memory.json; sourceTree = "<group>"; };
		486C6FAC29EB3F74006E427E /* ToyotaChatBotUseCase.swift */ = {isa = PBXFileReference; lastKnownFileType = sourcecode.swift; path = ToyotaChatBotUseCase.swift; sourceTree = "<group>"; };
		486C6FB129EB441E006E427E /* ToyotaChatProvider.swift */ = {isa = PBXFileReference; lastKnownFileType = sourcecode.swift; path = ToyotaChatProvider.swift; sourceTree = "<group>"; };
		486C6FB329EB4458006E427E /* ChatBotContext.swift */ = {isa = PBXFileReference; lastKnownFileType = sourcecode.swift; path = ChatBotContext.swift; sourceTree = "<group>"; };
		486C6FB629EB4F3D006E427E /* Link.swift */ = {isa = PBXFileReference; lastKnownFileType = sourcecode.swift; path = Link.swift; sourceTree = "<group>"; };
		486C6FB829EB4FC1006E427E /* SafariView.swift */ = {isa = PBXFileReference; lastKnownFileType = sourcecode.swift; path = SafariView.swift; sourceTree = "<group>"; };
		488448D8297B8419005B8A24 /* ChatCompletionsViewModel.swift */ = {isa = PBXFileReference; lastKnownFileType = sourcecode.swift; path = ChatCompletionsViewModel.swift; sourceTree = "<group>"; };
		488448DC297B8DD2005B8A24 /* Color.swift */ = {isa = PBXFileReference; lastKnownFileType = sourcecode.swift; path = Color.swift; sourceTree = "<group>"; };
		488448DE297B8DF6005B8A24 /* Typography.swift */ = {isa = PBXFileReference; lastKnownFileType = sourcecode.swift; path = Typography.swift; sourceTree = "<group>"; };
		488448E2297B8F1B005B8A24 /* DefaultTextFieldStyle.swift */ = {isa = PBXFileReference; lastKnownFileType = sourcecode.swift; path = DefaultTextFieldStyle.swift; sourceTree = "<group>"; };
		488448E5297B9116005B8A24 /* RoundedCorner.swift */ = {isa = PBXFileReference; lastKnownFileType = sourcecode.swift; path = RoundedCorner.swift; sourceTree = "<group>"; };
		488448E7297B9198005B8A24 /* ViewModifer.swift */ = {isa = PBXFileReference; lastKnownFileType = sourcecode.swift; path = ViewModifer.swift; sourceTree = "<group>"; };
		488448E9297B9843005B8A24 /* Icon.swift */ = {isa = PBXFileReference; lastKnownFileType = sourcecode.swift; path = Icon.swift; sourceTree = "<group>"; };
		488448EC297CAC4F005B8A24 /* ChatMessage.swift */ = {isa = PBXFileReference; lastKnownFileType = sourcecode.swift; path = ChatMessage.swift; sourceTree = "<group>"; };
		488448EE297CD1E8005B8A24 /* ToolbarModifer.swift */ = {isa = PBXFileReference; lastKnownFileType = sourcecode.swift; path = ToolbarModifer.swift; sourceTree = "<group>"; };
		488448F0297CD209005B8A24 /* ImageButton.swift */ = {isa = PBXFileReference; lastKnownFileType = sourcecode.swift; path = ImageButton.swift; sourceTree = "<group>"; };
		488448F5297CDF67005B8A24 /* SideMenu.swift */ = {isa = PBXFileReference; lastKnownFileType = sourcecode.swift; path = SideMenu.swift; sourceTree = "<group>"; };
		488448FB297CE004005B8A24 /* SplashView.swift */ = {isa = PBXFileReference; lastKnownFileType = sourcecode.swift; path = SplashView.swift; sourceTree = "<group>"; };
		488448FE297CE035005B8A24 /* AppRouter.swift */ = {isa = PBXFileReference; lastKnownFileType = sourcecode.swift; path = AppRouter.swift; sourceTree = "<group>"; };
		48844902297CE07C005B8A24 /* NavGraph.swift */ = {isa = PBXFileReference; lastKnownFileType = sourcecode.swift; path = NavGraph.swift; sourceTree = "<group>"; };
		48844904297CE094005B8A24 /* TransitionAnimation.swift */ = {isa = PBXFileReference; lastKnownFileType = sourcecode.swift; path = TransitionAnimation.swift; sourceTree = "<group>"; };
		4884490C297CE1E6005B8A24 /* HomeView.swift */ = {isa = PBXFileReference; lastKnownFileType = sourcecode.swift; path = HomeView.swift; sourceTree = "<group>"; };
		4888F5E129EEDFD000A5F592 /* StringExtensions.swift */ = {isa = PBXFileReference; lastKnownFileType = sourcecode.swift; path = StringExtensions.swift; sourceTree = "<group>"; };
		4888F5E529EEE2C500A5F592 /* MessageState.swift */ = {isa = PBXFileReference; lastKnownFileType = sourcecode.swift; path = MessageState.swift; sourceTree = "<group>"; };
		4888F5E729EF593200A5F592 /* VehicleCardView.swift */ = {isa = PBXFileReference; lastKnownFileType = sourcecode.swift; path = VehicleCardView.swift; sourceTree = "<group>"; };
		4888F5E929EF5B5700A5F592 /* ViewExtensions.swift */ = {isa = PBXFileReference; lastKnownFileType = sourcecode.swift; path = ViewExtensions.swift; sourceTree = "<group>"; };
		4888F5EC29EF5FF200A5F592 /* VehicleModel.swift */ = {isa = PBXFileReference; lastKnownFileType = sourcecode.swift; path = VehicleModel.swift; sourceTree = "<group>"; };
		4888F5F129F0299E00A5F592 /* BallonBotMessageFactory.swift */ = {isa = PBXFileReference; lastKnownFileType = sourcecode.swift; path = BallonBotMessageFactory.swift; sourceTree = "<group>"; };
		4888F5F329F0386700A5F592 /* ToyotaApiMock.swift */ = {isa = PBXFileReference; lastKnownFileType = sourcecode.swift; path = ToyotaApiMock.swift; sourceTree = "<group>"; };
		4888F5F529F043A500A5F592 /* LeaseSummaryView.swift */ = {isa = PBXFileReference; lastKnownFileType = sourcecode.swift; path = LeaseSummaryView.swift; sourceTree = "<group>"; };
		489A546A297F916C00A6532C /* EnvConfig.xcconfig */ = {isa = PBXFileReference; lastKnownFileType = text.xcconfig; path = EnvConfig.xcconfig; sourceTree = "<group>"; };
		489A546C297F93F700A6532C /* Config.swift */ = {isa = PBXFileReference; lastKnownFileType = sourcecode.swift; path = Config.swift; sourceTree = "<group>"; };
		489A5471297F99FC00A6532C /* README.md */ = {isa = PBXFileReference; lastKnownFileType = net.daringfireball.markdown; path = README.md; sourceTree = "<group>"; };
		48D4A78629ACF39F00968B0B /* .swiftlint.yml */ = {isa = PBXFileReference; lastKnownFileType = text.yaml; path = .swiftlint.yml; sourceTree = "<group>"; };
		48FB3CED29ED8AA7000C8C26 /* ImageSaver.swift */ = {isa = PBXFileReference; lastKnownFileType = sourcecode.swift; path = ImageSaver.swift; sourceTree = "<group>"; };
		48FB3CEF29EDD721000C8C26 /* TypeWriterText.swift */ = {isa = PBXFileReference; lastKnownFileType = sourcecode.swift; path = TypeWriterText.swift; sourceTree = "<group>"; };
		7555FF7B242A565900829871 /* Y-Chat.app */ = {isa = PBXFileReference; explicitFileType = wrapper.application; includeInIndex = 0; path = "Y-Chat.app"; sourceTree = BUILT_PRODUCTS_DIR; };
		7555FF82242A565900829871 /* ChatCompletionsView.swift */ = {isa = PBXFileReference; lastKnownFileType = sourcecode.swift; path = ChatCompletionsView.swift; sourceTree = "<group>"; };
		7555FF8C242A565B00829871 /* Info.plist */ = {isa = PBXFileReference; lastKnownFileType = text.plist.xml; path = Info.plist; sourceTree = "<group>"; };
/* End PBXFileReference section */

/* Begin PBXFrameworksBuildPhase section */
		7555FF78242A565900829871 /* Frameworks */ = {
			isa = PBXFrameworksBuildPhase;
			buildActionMask = 2147483647;
			files = (
				4888F5F029EF94BA00A5F592 /* ACarousel in Frameworks */,
			);
			runOnlyForDeploymentPostprocessing = 0;
		};
/* End PBXFrameworksBuildPhase section */

/* Begin PBXGroup section */
		058557D7273AAEEB004C7B11 /* Preview Content */ = {
			isa = PBXGroup;
			children = (
				058557D8273AAEEB004C7B11 /* Preview Assets.xcassets */,
			);
			path = "Preview Content";
			sourceTree = "<group>";
		};
		486C6F7229DFA3A4006E427E /* Logo */ = {
			isa = PBXGroup;
			children = (
				486C6F7329DFA3BE006E427E /* LogoLabel.swift */,
				486C6F7529E08207006E427E /* LogoSplash.swift */,
			);
			path = Logo;
			sourceTree = "<group>";
		};
		486C6F7729E0844B006E427E /* Feedback */ = {
			isa = PBXGroup;
			children = (
				486C6F7829E08456006E427E /* Feedback.swift */,
			);
			path = Feedback;
			sourceTree = "<group>";
		};
		486C6F7E29E08D39006E427E /* Loading */ = {
			isa = PBXGroup;
			children = (
				486C6F7F29E08D46006E427E /* TypingLoading.swift */,
			);
			path = Loading;
			sourceTree = "<group>";
		};
		486C6F8129E11309006E427E /* BallonMessage */ = {
			isa = PBXGroup;
			children = (
				486C6F8229E11316006E427E /* BallonMessage.swift */,
			);
			path = BallonMessage;
			sourceTree = "<group>";
		};
		486C6F8829E612C4006E427E /* ItemMenu */ = {
			isa = PBXGroup;
			children = (
				486C6F8929E612D0006E427E /* ItemMenu.swift */,
			);
			path = ItemMenu;
			sourceTree = "<group>";
		};
		486C6F8B29E61515006E427E /* Models */ = {
			isa = PBXGroup;
			children = (
				486C6F8E29E61599006E427E /* ViewModel */,
				486C6F8C29E61520006E427E /* ModelsView.swift */,
			);
			path = Models;
			sourceTree = "<group>";
		};
		486C6F8E29E61599006E427E /* ViewModel */ = {
			isa = PBXGroup;
			children = (
				486C6F8F29E615A6006E427E /* ModelsViewModel.swift */,
			);
			path = ViewModel;
			sourceTree = "<group>";
		};
		486C6F9229E61D3F006E427E /* Output */ = {
			isa = PBXGroup;
			children = (
				486C6F9329E61D4E006E427E /* OutputBox.swift */,
			);
			path = Output;
			sourceTree = "<group>";
		};
		486C6F9529E6543B006E427E /* Completions */ = {
			isa = PBXGroup;
			children = (
				486C6F9829E655C4006E427E /* ViewModel */,
				486C6F9629E6544E006E427E /* CompletionsView.swift */,
			);
			path = Completions;
			sourceTree = "<group>";
		};
		486C6F9829E655C4006E427E /* ViewModel */ = {
			isa = PBXGroup;
			children = (
				486C6F9929E655D1006E427E /* CompletionsViewModel.swift */,
			);
			path = ViewModel;
			sourceTree = "<group>";
		};
		486C6F9B29E9E830006E427E /* ToyotaDemo */ = {
			isa = PBXGroup;
			children = (
				486C6FB529EB4F33006E427E /* Core */,
				486C6FB029EB4412006E427E /* Provider */,
				486C6FAE29EB4047006E427E /* Resources */,
				486C6F9D29E9E890006E427E /* Chat */,
				486C6F9C29E9E883006E427E /* Main */,
			);
			path = ToyotaDemo;
			sourceTree = "<group>";
		};
		486C6F9C29E9E883006E427E /* Main */ = {
			isa = PBXGroup;
			children = (
				486C6F9E29E9E8E1006E427E /* ToyotaMainView.swift */,
			);
			path = Main;
			sourceTree = "<group>";
		};
		486C6F9D29E9E890006E427E /* Chat */ = {
			isa = PBXGroup;
			children = (
				486C6FAB29EB3F5B006E427E /* Domain */,
				486C6FA429EA4AE5006E427E /* Components */,
				486C6FA529EA4AF3006E427E /* ViewModel */,
				486C6FA029E9F23F006E427E /* ToyotaChatView.swift */,
				4888F5F329F0386700A5F592 /* ToyotaApiMock.swift */,
			);
			path = Chat;
			sourceTree = "<group>";
		};
		486C6FA429EA4AE5006E427E /* Components */ = {
			isa = PBXGroup;
			children = (
				486C6FA729EA4B14006E427E /* BuyingLeasingCard.swift */,
				48FB3CEF29EDD721000C8C26 /* TypeWriterText.swift */,
				4888F5E729EF593200A5F592 /* VehicleCardView.swift */,
				4888F5F129F0299E00A5F592 /* BallonBotMessageFactory.swift */,
				4888F5F529F043A500A5F592 /* LeaseSummaryView.swift */,
			);
			path = Components;
			sourceTree = "<group>";
		};
		486C6FA529EA4AF3006E427E /* ViewModel */ = {
			isa = PBXGroup;
			children = (
				486C6FA229EA03F2006E427E /* ToyotaChatViewModel.swift */,
			);
			path = ViewModel;
			sourceTree = "<group>";
		};
		486C6FAB29EB3F5B006E427E /* Domain */ = {
			isa = PBXGroup;
			children = (
				4888F5EB29EF5FBD00A5F592 /* Model */,
				4888F5E429EEE2B000A5F592 /* State */,
				4888F5E329EEE2AA00A5F592 /* UseCase */,
			);
			path = Domain;
			sourceTree = "<group>";
		};
		486C6FAE29EB4047006E427E /* Resources */ = {
			isa = PBXGroup;
			children = (
				486C6FA929EB3F31006E427E /* toyota_chatbot_memory.json */,
			);
			path = Resources;
			sourceTree = "<group>";
		};
		486C6FB029EB4412006E427E /* Provider */ = {
			isa = PBXGroup;
			children = (
				486C6FB129EB441E006E427E /* ToyotaChatProvider.swift */,
				486C6FB329EB4458006E427E /* ChatBotContext.swift */,
			);
			path = Provider;
			sourceTree = "<group>";
		};
		486C6FB529EB4F33006E427E /* Core */ = {
			isa = PBXGroup;
			children = (
				486C6FB629EB4F3D006E427E /* Link.swift */,
				486C6FB829EB4FC1006E427E /* SafariView.swift */,
				48FB3CED29ED8AA7000C8C26 /* ImageSaver.swift */,
				4888F5E129EEDFD000A5F592 /* StringExtensions.swift */,
				4888F5E929EF5B5700A5F592 /* ViewExtensions.swift */,
			);
			path = Core;
			sourceTree = "<group>";
		};
		488448DA297B8D19005B8A24 /* App */ = {
			isa = PBXGroup;
			children = (
				488448FA297CDFF2005B8A24 /* Presenter */,
				488448FD297CE019005B8A24 /* Router */,
				2152FB032600AC8F00CF470E /* YChatApp.swift */,
			);
			path = App;
			sourceTree = "<group>";
		};
		488448DB297B8D57005B8A24 /* UI */ = {
			isa = PBXGroup;
			children = (
				488448E4297B9108005B8A24 /* Modifier */,
				488448E1297B8EF9005B8A24 /* Component */,
				488448E0297B8EF2005B8A24 /* Theme */,
			);
			path = UI;
			sourceTree = "<group>";
		};
		488448E0297B8EF2005B8A24 /* Theme */ = {
			isa = PBXGroup;
			children = (
				488448DC297B8DD2005B8A24 /* Color.swift */,
				488448DE297B8DF6005B8A24 /* Typography.swift */,
				488448E9297B9843005B8A24 /* Icon.swift */,
			);
			path = Theme;
			sourceTree = "<group>";
		};
		488448E1297B8EF9005B8A24 /* Component */ = {
			isa = PBXGroup;
			children = (
				486C6F9229E61D3F006E427E /* Output */,
				486C6F8829E612C4006E427E /* ItemMenu */,
				486C6F8129E11309006E427E /* BallonMessage */,
				486C6F7E29E08D39006E427E /* Loading */,
				486C6F7729E0844B006E427E /* Feedback */,
				486C6F7229DFA3A4006E427E /* Logo */,
				488448F4297CDF54005B8A24 /* Bar */,
				488448F3297CDF4B005B8A24 /* TextField */,
				488448F2297CDF3F005B8A24 /* Button */,
			);
			path = Component;
			sourceTree = "<group>";
		};
		488448E4297B9108005B8A24 /* Modifier */ = {
			isa = PBXGroup;
			children = (
				488448E5297B9116005B8A24 /* RoundedCorner.swift */,
				488448E7297B9198005B8A24 /* ViewModifer.swift */,
				488448EE297CD1E8005B8A24 /* ToolbarModifer.swift */,
			);
			path = Modifier;
			sourceTree = "<group>";
		};
		488448EB297CAC28005B8A24 /* ChatCompletions */ = {
			isa = PBXGroup;
			children = (
				488448F9297CDFD0005B8A24 /* ViewModel */,
				488448F8297CDFC6005B8A24 /* Model */,
				7555FF82242A565900829871 /* ChatCompletionsView.swift */,
			);
			path = ChatCompletions;
			sourceTree = "<group>";
		};
		488448F2297CDF3F005B8A24 /* Button */ = {
			isa = PBXGroup;
			children = (
				488448F0297CD209005B8A24 /* ImageButton.swift */,
				486C6F7A29E086C0006E427E /* ButtonOutlined.swift */,
				486C6F7C29E088EA006E427E /* ButtonContained.swift */,
			);
			path = Button;
			sourceTree = "<group>";
		};
		488448F3297CDF4B005B8A24 /* TextField */ = {
			isa = PBXGroup;
			children = (
				488448E2297B8F1B005B8A24 /* DefaultTextFieldStyle.swift */,
			);
			path = TextField;
			sourceTree = "<group>";
		};
		488448F4297CDF54005B8A24 /* Bar */ = {
			isa = PBXGroup;
			children = (
				488448F5297CDF67005B8A24 /* SideMenu.swift */,
			);
			path = Bar;
			sourceTree = "<group>";
		};
		488448F7297CDFB1005B8A24 /* Features */ = {
			isa = PBXGroup;
			children = (
				486C6F9529E6543B006E427E /* Completions */,
				486C6F8B29E61515006E427E /* Models */,
				488448EB297CAC28005B8A24 /* ChatCompletions */,
			);
			path = Features;
			sourceTree = "<group>";
		};
		488448F8297CDFC6005B8A24 /* Model */ = {
			isa = PBXGroup;
			children = (
				488448EC297CAC4F005B8A24 /* ChatMessage.swift */,
			);
			path = Model;
			sourceTree = "<group>";
		};
		488448F9297CDFD0005B8A24 /* ViewModel */ = {
			isa = PBXGroup;
			children = (
				488448D8297B8419005B8A24 /* ChatCompletionsViewModel.swift */,
			);
			path = ViewModel;
			sourceTree = "<group>";
		};
		488448FA297CDFF2005B8A24 /* Presenter */ = {
			isa = PBXGroup;
			children = (
				4884490B297CE1DE005B8A24 /* Home */,
				48844906297CE0D4005B8A24 /* Splash */,
			);
			path = Presenter;
			sourceTree = "<group>";
		};
		488448FD297CE019005B8A24 /* Router */ = {
			isa = PBXGroup;
			children = (
				488448FE297CE035005B8A24 /* AppRouter.swift */,
			);
			path = Router;
			sourceTree = "<group>";
		};
		48844900297CE062005B8A24 /* Core */ = {
			isa = PBXGroup;
			children = (
				489A546B297F93EF00A6532C /* Env */,
				48844901297CE06E005B8A24 /* Navigation */,
			);
			path = Core;
			sourceTree = "<group>";
		};
		48844901297CE06E005B8A24 /* Navigation */ = {
			isa = PBXGroup;
			children = (
				48844902297CE07C005B8A24 /* NavGraph.swift */,
				48844904297CE094005B8A24 /* TransitionAnimation.swift */,
			);
			path = Navigation;
			sourceTree = "<group>";
		};
		48844906297CE0D4005B8A24 /* Splash */ = {
			isa = PBXGroup;
			children = (
				488448FB297CE004005B8A24 /* SplashView.swift */,
			);
			path = Splash;
			sourceTree = "<group>";
		};
		4884490B297CE1DE005B8A24 /* Home */ = {
			isa = PBXGroup;
			children = (
				4884490C297CE1E6005B8A24 /* HomeView.swift */,
				486C6F7029DF647F006E427E /* HomeMenu.swift */,
			);
			path = Home;
			sourceTree = "<group>";
		};
		4888F5E329EEE2AA00A5F592 /* UseCase */ = {
			isa = PBXGroup;
			children = (
				486C6FAC29EB3F74006E427E /* ToyotaChatBotUseCase.swift */,
			);
			path = UseCase;
			sourceTree = "<group>";
		};
		4888F5E429EEE2B000A5F592 /* State */ = {
			isa = PBXGroup;
			children = (
				4888F5E529EEE2C500A5F592 /* MessageState.swift */,
			);
			path = State;
			sourceTree = "<group>";
		};
		4888F5EB29EF5FBD00A5F592 /* Model */ = {
			isa = PBXGroup;
			children = (
				4888F5EC29EF5FF200A5F592 /* VehicleModel.swift */,
			);
			path = Model;
			sourceTree = "<group>";
		};
		489A546B297F93EF00A6532C /* Env */ = {
			isa = PBXGroup;
			children = (
				489A546C297F93F700A6532C /* Config.swift */,
			);
			path = Env;
			sourceTree = "<group>";
		};
		7555FF72242A565900829871 = {
			isa = PBXGroup;
			children = (
				7555FF7D242A565900829871 /* YChatApp */,
				7555FF7C242A565900829871 /* Products */,
				7555FFB0242A642200829871 /* Frameworks */,
				489A546A297F916C00A6532C /* EnvConfig.xcconfig */,
				489A5471297F99FC00A6532C /* README.md */,
				48D4A78629ACF39F00968B0B /* .swiftlint.yml */,
			);
			sourceTree = "<group>";
		};
		7555FF7C242A565900829871 /* Products */ = {
			isa = PBXGroup;
			children = (
				7555FF7B242A565900829871 /* Y-Chat.app */,
			);
			name = Products;
			sourceTree = "<group>";
		};
		7555FF7D242A565900829871 /* YChatApp */ = {
			isa = PBXGroup;
			children = (
				486C6F9B29E9E830006E427E /* ToyotaDemo */,
				488448DA297B8D19005B8A24 /* App */,
				488448F7297CDFB1005B8A24 /* Features */,
				488448DB297B8D57005B8A24 /* UI */,
				48844900297CE062005B8A24 /* Core */,
				058557D7273AAEEB004C7B11 /* Preview Content */,
				058557BA273AAA24004C7B11 /* Assets.xcassets */,
				7555FF8C242A565B00829871 /* Info.plist */,
			);
			path = YChatApp;
			sourceTree = "<group>";
		};
		7555FFB0242A642200829871 /* Frameworks */ = {
			isa = PBXGroup;
			children = (
			);
			name = Frameworks;
			sourceTree = "<group>";
		};
/* End PBXGroup section */

/* Begin PBXNativeTarget section */
		7555FF7A242A565900829871 /* Y-Chat */ = {
			isa = PBXNativeTarget;
			buildConfigurationList = 7555FFA5242A565B00829871 /* Build configuration list for PBXNativeTarget "Y-Chat" */;
			buildPhases = (
				7555FFB5242A651A00829871 /* ShellScript */,
				7555FF77242A565900829871 /* Sources */,
				7555FF78242A565900829871 /* Frameworks */,
				7555FF79242A565900829871 /* Resources */,
				7555FFB4242A642300829871 /* Embed Frameworks */,
			);
			buildRules = (
			);
			dependencies = (
			);
			name = "Y-Chat";
			packageProductDependencies = (
				4888F5EF29EF94BA00A5F592 /* ACarousel */,
			);
			productName = "ios-sample";
			productReference = 7555FF7B242A565900829871 /* Y-Chat.app */;
			productType = "com.apple.product-type.application";
		};
/* End PBXNativeTarget section */

/* Begin PBXProject section */
		7555FF73242A565900829871 /* Project object */ = {
			isa = PBXProject;
			attributes = {
				LastSwiftUpdateCheck = 1130;
				LastUpgradeCheck = 1130;
				ORGANIZATIONNAME = orgName;
				TargetAttributes = {
					7555FF7A242A565900829871 = {
						CreatedOnToolsVersion = 11.3.1;
					};
				};
			};
			buildConfigurationList = 7555FF76242A565900829871 /* Build configuration list for PBXProject "ychat-ios" */;
			compatibilityVersion = "Xcode 9.3";
			developmentRegion = en;
			hasScannedForEncodings = 0;
			knownRegions = (
				en,
				Base,
			);
			mainGroup = 7555FF72242A565900829871;
			packageReferences = (
				4888F5EE29EF94BA00A5F592 /* XCRemoteSwiftPackageReference "ACarousel" */,
			);
			productRefGroup = 7555FF7C242A565900829871 /* Products */;
			projectDirPath = "";
			projectRoot = "";
			targets = (
				7555FF7A242A565900829871 /* Y-Chat */,
			);
		};
/* End PBXProject section */

/* Begin PBXResourcesBuildPhase section */
		7555FF79242A565900829871 /* Resources */ = {
			isa = PBXResourcesBuildPhase;
			buildActionMask = 2147483647;
			files = (
				058557D9273AAEEB004C7B11 /* Preview Assets.xcassets in Resources */,
				486C6FAA29EB3F31006E427E /* toyota_chatbot_memory.json in Resources */,
				058557BB273AAA24004C7B11 /* Assets.xcassets in Resources */,
			);
			runOnlyForDeploymentPostprocessing = 0;
		};
/* End PBXResourcesBuildPhase section */

/* Begin PBXShellScriptBuildPhase section */
		7555FFB5242A651A00829871 /* ShellScript */ = {
			isa = PBXShellScriptBuildPhase;
			buildActionMask = 2147483647;
			files = (
			);
			inputFileListPaths = (
			);
			inputPaths = (
			);
			outputFileListPaths = (
			);
			outputPaths = (
			);
			runOnlyForDeploymentPostprocessing = 0;
			shellPath = /bin/sh;
			shellScript = "cd \"$SRCROOT/../..\"\n./gradlew :ychat:embedAndSignAppleFrameworkForXcode\n";
		};
/* End PBXShellScriptBuildPhase section */

/* Begin PBXSourcesBuildPhase section */
		7555FF77242A565900829871 /* Sources */ = {
			isa = PBXSourcesBuildPhase;
			buildActionMask = 2147483647;
			files = (
				4888F5ED29EF5FF200A5F592 /* VehicleModel.swift in Sources */,
				486C6FB729EB4F3D006E427E /* Link.swift in Sources */,
				48844903297CE07C005B8A24 /* NavGraph.swift in Sources */,
				486C6F8029E08D46006E427E /* TypingLoading.swift in Sources */,
				4888F5F629F043A500A5F592 /* LeaseSummaryView.swift in Sources */,
				488448DF297B8DF6005B8A24 /* Typography.swift in Sources */,
				486C6FA129E9F23F006E427E /* ToyotaChatView.swift in Sources */,
				4888F5E629EEE2C500A5F592 /* MessageState.swift in Sources */,
				488448E3297B8F1B005B8A24 /* DefaultTextFieldStyle.swift in Sources */,
				486C6F9029E615A6006E427E /* ModelsViewModel.swift in Sources */,
				48FB3CF029EDD721000C8C26 /* TypeWriterText.swift in Sources */,
				488448D9297B8419005B8A24 /* ChatCompletionsViewModel.swift in Sources */,
				4888F5EA29EF5B5700A5F592 /* ViewExtensions.swift in Sources */,
				48844905297CE094005B8A24 /* TransitionAnimation.swift in Sources */,
				4884490D297CE1E6005B8A24 /* HomeView.swift in Sources */,
				488448ED297CAC4F005B8A24 /* ChatMessage.swift in Sources */,
				4888F5E229EEDFD000A5F592 /* StringExtensions.swift in Sources */,
				488448EA297B9843005B8A24 /* Icon.swift in Sources */,
				488448DD297B8DD2005B8A24 /* Color.swift in Sources */,
				486C6F7129DF647F006E427E /* HomeMenu.swift in Sources */,
				486C6F8329E11316006E427E /* BallonMessage.swift in Sources */,
				488448EF297CD1E8005B8A24 /* ToolbarModifer.swift in Sources */,
				4888F5F429F0386700A5F592 /* ToyotaApiMock.swift in Sources */,
				486C6F7429DFA3BE006E427E /* LogoLabel.swift in Sources */,
				486C6F7B29E086C0006E427E /* ButtonOutlined.swift in Sources */,
				486C6F7629E08207006E427E /* LogoSplash.swift in Sources */,
				488448F1297CD209005B8A24 /* ImageButton.swift in Sources */,
				486C6F8A29E612D0006E427E /* ItemMenu.swift in Sources */,
				4888F5F229F0299E00A5F592 /* BallonBotMessageFactory.swift in Sources */,
				486C6FA829EA4B14006E427E /* BuyingLeasingCard.swift in Sources */,
				486C6F7929E08456006E427E /* Feedback.swift in Sources */,
				488448FF297CE035005B8A24 /* AppRouter.swift in Sources */,
				488448F6297CDF67005B8A24 /* SideMenu.swift in Sources */,
				4888F5E829EF593200A5F592 /* VehicleCardView.swift in Sources */,
				2152FB042600AC8F00CF470E /* YChatApp.swift in Sources */,
				486C6FB229EB441E006E427E /* ToyotaChatProvider.swift in Sources */,
				486C6F9429E61D4E006E427E /* OutputBox.swift in Sources */,
				486C6F9729E6544E006E427E /* CompletionsView.swift in Sources */,
				488448E8297B9198005B8A24 /* ViewModifer.swift in Sources */,
				486C6F9A29E655D1006E427E /* CompletionsViewModel.swift in Sources */,
				7555FF83242A565900829871 /* ChatCompletionsView.swift in Sources */,
				488448E6297B9116005B8A24 /* RoundedCorner.swift in Sources */,
				486C6F9F29E9E8E1006E427E /* ToyotaMainView.swift in Sources */,
				486C6FB929EB4FC1006E427E /* SafariView.swift in Sources */,
				486C6FB429EB4458006E427E /* ChatBotContext.swift in Sources */,
				489A546D297F93F700A6532C /* Config.swift in Sources */,
				486C6FA329EA03F2006E427E /* ToyotaChatViewModel.swift in Sources */,
				48FB3CEE29ED8AA7000C8C26 /* ImageSaver.swift in Sources */,
				486C6F7D29E088EA006E427E /* ButtonContained.swift in Sources */,
				486C6F8D29E61520006E427E /* ModelsView.swift in Sources */,
				488448FC297CE004005B8A24 /* SplashView.swift in Sources */,
				486C6FAD29EB3F74006E427E /* ToyotaChatBotUseCase.swift in Sources */,
			);
			runOnlyForDeploymentPostprocessing = 0;
		};
/* End PBXSourcesBuildPhase section */

/* Begin XCBuildConfiguration section */
		7555FFA3242A565B00829871 /* Debug */ = {
			isa = XCBuildConfiguration;
			baseConfigurationReference = 489A546A297F916C00A6532C /* EnvConfig.xcconfig */;
			buildSettings = {
				ALWAYS_SEARCH_USER_PATHS = NO;
				CLANG_ANALYZER_NONNULL = YES;
				CLANG_ANALYZER_NUMBER_OBJECT_CONVERSION = YES_AGGRESSIVE;
				CLANG_CXX_LANGUAGE_STANDARD = "gnu++14";
				CLANG_CXX_LIBRARY = "libc++";
				CLANG_ENABLE_MODULES = YES;
				CLANG_ENABLE_OBJC_ARC = YES;
				CLANG_ENABLE_OBJC_WEAK = YES;
				CLANG_WARN_BLOCK_CAPTURE_AUTORELEASING = YES;
				CLANG_WARN_BOOL_CONVERSION = YES;
				CLANG_WARN_COMMA = YES;
				CLANG_WARN_CONSTANT_CONVERSION = YES;
				CLANG_WARN_DEPRECATED_OBJC_IMPLEMENTATIONS = YES;
				CLANG_WARN_DIRECT_OBJC_ISA_USAGE = YES_ERROR;
				CLANG_WARN_DOCUMENTATION_COMMENTS = YES;
				CLANG_WARN_EMPTY_BODY = YES;
				CLANG_WARN_ENUM_CONVERSION = YES;
				CLANG_WARN_INFINITE_RECURSION = YES;
				CLANG_WARN_INT_CONVERSION = YES;
				CLANG_WARN_NON_LITERAL_NULL_CONVERSION = YES;
				CLANG_WARN_OBJC_IMPLICIT_RETAIN_SELF = YES;
				CLANG_WARN_OBJC_LITERAL_CONVERSION = YES;
				CLANG_WARN_OBJC_ROOT_CLASS = YES_ERROR;
				CLANG_WARN_QUOTED_INCLUDE_IN_FRAMEWORK_HEADER = YES;
				CLANG_WARN_RANGE_LOOP_ANALYSIS = YES;
				CLANG_WARN_STRICT_PROTOTYPES = YES;
				CLANG_WARN_SUSPICIOUS_MOVE = YES;
				CLANG_WARN_UNGUARDED_AVAILABILITY = YES_AGGRESSIVE;
				CLANG_WARN_UNREACHABLE_CODE = YES;
				CLANG_WARN__DUPLICATE_METHOD_MATCH = YES;
				COPY_PHASE_STRIP = NO;
				DEBUG_INFORMATION_FORMAT = "dwarf-with-dsym";
				ENABLE_STRICT_OBJC_MSGSEND = YES;
				ENABLE_TESTABILITY = YES;
				GCC_C_LANGUAGE_STANDARD = gnu11;
				GCC_DYNAMIC_NO_PIC = NO;
				GCC_NO_COMMON_BLOCKS = YES;
				GCC_OPTIMIZATION_LEVEL = 0;
				GCC_PREPROCESSOR_DEFINITIONS = (
					"DEBUG=1",
					"$(inherited)",
				);
				GCC_WARN_64_TO_32_BIT_CONVERSION = YES;
				GCC_WARN_ABOUT_RETURN_TYPE = YES_ERROR;
				GCC_WARN_UNDECLARED_SELECTOR = YES;
				GCC_WARN_UNINITIALIZED_AUTOS = YES_AGGRESSIVE;
				GCC_WARN_UNUSED_FUNCTION = YES;
				GCC_WARN_UNUSED_VARIABLE = YES;
				IPHONEOS_DEPLOYMENT_TARGET = 16.0;
				MTL_ENABLE_DEBUG_INFO = INCLUDE_SOURCE;
				MTL_FAST_MATH = YES;
				ONLY_ACTIVE_ARCH = YES;
				SDKROOT = iphoneos;
				SWIFT_ACTIVE_COMPILATION_CONDITIONS = DEBUG;
				SWIFT_OPTIMIZATION_LEVEL = "-Onone";
			};
			name = Debug;
		};
		7555FFA4242A565B00829871 /* Release */ = {
			isa = XCBuildConfiguration;
			baseConfigurationReference = 489A546A297F916C00A6532C /* EnvConfig.xcconfig */;
			buildSettings = {
				ALWAYS_SEARCH_USER_PATHS = NO;
				CLANG_ANALYZER_NONNULL = YES;
				CLANG_ANALYZER_NUMBER_OBJECT_CONVERSION = YES_AGGRESSIVE;
				CLANG_CXX_LANGUAGE_STANDARD = "gnu++14";
				CLANG_CXX_LIBRARY = "libc++";
				CLANG_ENABLE_MODULES = YES;
				CLANG_ENABLE_OBJC_ARC = YES;
				CLANG_ENABLE_OBJC_WEAK = YES;
				CLANG_WARN_BLOCK_CAPTURE_AUTORELEASING = YES;
				CLANG_WARN_BOOL_CONVERSION = YES;
				CLANG_WARN_COMMA = YES;
				CLANG_WARN_CONSTANT_CONVERSION = YES;
				CLANG_WARN_DEPRECATED_OBJC_IMPLEMENTATIONS = YES;
				CLANG_WARN_DIRECT_OBJC_ISA_USAGE = YES_ERROR;
				CLANG_WARN_DOCUMENTATION_COMMENTS = YES;
				CLANG_WARN_EMPTY_BODY = YES;
				CLANG_WARN_ENUM_CONVERSION = YES;
				CLANG_WARN_INFINITE_RECURSION = YES;
				CLANG_WARN_INT_CONVERSION = YES;
				CLANG_WARN_NON_LITERAL_NULL_CONVERSION = YES;
				CLANG_WARN_OBJC_IMPLICIT_RETAIN_SELF = YES;
				CLANG_WARN_OBJC_LITERAL_CONVERSION = YES;
				CLANG_WARN_OBJC_ROOT_CLASS = YES_ERROR;
				CLANG_WARN_QUOTED_INCLUDE_IN_FRAMEWORK_HEADER = YES;
				CLANG_WARN_RANGE_LOOP_ANALYSIS = YES;
				CLANG_WARN_STRICT_PROTOTYPES = YES;
				CLANG_WARN_SUSPICIOUS_MOVE = YES;
				CLANG_WARN_UNGUARDED_AVAILABILITY = YES_AGGRESSIVE;
				CLANG_WARN_UNREACHABLE_CODE = YES;
				CLANG_WARN__DUPLICATE_METHOD_MATCH = YES;
				COPY_PHASE_STRIP = NO;
				DEBUG_INFORMATION_FORMAT = "dwarf-with-dsym";
				ENABLE_NS_ASSERTIONS = NO;
				ENABLE_STRICT_OBJC_MSGSEND = YES;
				GCC_C_LANGUAGE_STANDARD = gnu11;
				GCC_NO_COMMON_BLOCKS = YES;
				GCC_WARN_64_TO_32_BIT_CONVERSION = YES;
				GCC_WARN_ABOUT_RETURN_TYPE = YES_ERROR;
				GCC_WARN_UNDECLARED_SELECTOR = YES;
				GCC_WARN_UNINITIALIZED_AUTOS = YES_AGGRESSIVE;
				GCC_WARN_UNUSED_FUNCTION = YES;
				GCC_WARN_UNUSED_VARIABLE = YES;
				IPHONEOS_DEPLOYMENT_TARGET = 16.0;
				MTL_ENABLE_DEBUG_INFO = NO;
				MTL_FAST_MATH = YES;
				SDKROOT = iphoneos;
				SWIFT_COMPILATION_MODE = wholemodule;
				SWIFT_OPTIMIZATION_LEVEL = "-O";
				VALIDATE_PRODUCT = YES;
			};
			name = Release;
		};
		7555FFA6242A565B00829871 /* Debug */ = {
			isa = XCBuildConfiguration;
			baseConfigurationReference = 489A546A297F916C00A6532C /* EnvConfig.xcconfig */;
			buildSettings = {
				ASSETCATALOG_COMPILER_APPICON_NAME = AppIcon;
				CODE_SIGN_STYLE = Automatic;
				DEVELOPMENT_ASSET_PATHS = "\"YChatApp/Preview Content\"";
				DEVELOPMENT_TEAM = SYJ7DHUDC6;
				ENABLE_PREVIEWS = YES;
				FRAMEWORK_SEARCH_PATHS = "$(SRCROOT)/../../ychat/build/xcode-frameworks/$(CONFIGURATION)/$(SDK_NAME)";
				INFOPLIST_FILE = YChatApp/Info.plist;
				INFOPLIST_KEY_CFBundleDisplayName = YChat;
				LD_RUNPATH_SEARCH_PATHS = (
					"$(inherited)",
					"@executable_path/Frameworks",
				);
				MARKETING_VERSION = 0.0.1;
				OTHER_LDFLAGS = "$(inherited)";
				PRODUCT_BUNDLE_IDENTIFIER = co.yml.ychat.ios;
				PRODUCT_NAME = "$(TARGET_NAME)";
				SWIFT_VERSION = 5.0;
				TARGETED_DEVICE_FAMILY = "1,2";
			};
			name = Debug;
		};
		7555FFA7242A565B00829871 /* Release */ = {
			isa = XCBuildConfiguration;
			baseConfigurationReference = 489A546A297F916C00A6532C /* EnvConfig.xcconfig */;
			buildSettings = {
				ASSETCATALOG_COMPILER_APPICON_NAME = AppIcon;
				CODE_SIGN_STYLE = Automatic;
				DEVELOPMENT_ASSET_PATHS = "\"YChatApp/Preview Content\"";
				DEVELOPMENT_TEAM = SYJ7DHUDC6;
				ENABLE_PREVIEWS = YES;
				FRAMEWORK_SEARCH_PATHS = "$(SRCROOT)/../../ychat/build/xcode-frameworks/$(CONFIGURATION)/$(SDK_NAME)";
				INFOPLIST_FILE = YChatApp/Info.plist;
				INFOPLIST_KEY_CFBundleDisplayName = YChat;
				LD_RUNPATH_SEARCH_PATHS = (
					"$(inherited)",
					"@executable_path/Frameworks",
				);
				MARKETING_VERSION = 0.0.1;
				OTHER_LDFLAGS = "$(inherited)";
				PRODUCT_BUNDLE_IDENTIFIER = co.yml.ychat.ios;
				PRODUCT_NAME = "$(TARGET_NAME)";
				SWIFT_VERSION = 5.0;
				TARGETED_DEVICE_FAMILY = "1,2";
			};
			name = Release;
		};
/* End XCBuildConfiguration section */

/* Begin XCConfigurationList section */
		7555FF76242A565900829871 /* Build configuration list for PBXProject "ychat-ios" */ = {
			isa = XCConfigurationList;
			buildConfigurations = (
				7555FFA3242A565B00829871 /* Debug */,
				7555FFA4242A565B00829871 /* Release */,
			);
			defaultConfigurationIsVisible = 0;
			defaultConfigurationName = Release;
		};
		7555FFA5242A565B00829871 /* Build configuration list for PBXNativeTarget "Y-Chat" */ = {
			isa = XCConfigurationList;
			buildConfigurations = (
				7555FFA6242A565B00829871 /* Debug */,
				7555FFA7242A565B00829871 /* Release */,
			);
			defaultConfigurationIsVisible = 0;
			defaultConfigurationName = Release;
		};
/* End XCConfigurationList section */

/* Begin XCRemoteSwiftPackageReference section */
		4888F5EE29EF94BA00A5F592 /* XCRemoteSwiftPackageReference "ACarousel" */ = {
			isa = XCRemoteSwiftPackageReference;
			repositoryURL = "https://github.com/JWAutumn/ACarousel";
			requirement = {
				kind = upToNextMajorVersion;
				minimumVersion = 0.2.0;
			};
		};
/* End XCRemoteSwiftPackageReference section */

/* Begin XCSwiftPackageProductDependency section */
		4888F5EF29EF94BA00A5F592 /* ACarousel */ = {
			isa = XCSwiftPackageProductDependency;
			package = 4888F5EE29EF94BA00A5F592 /* XCRemoteSwiftPackageReference "ACarousel" */;
			productName = ACarousel;
		};
/* End XCSwiftPackageProductDependency section */
	};
	rootObject = 7555FF73242A565900829871 /* Project object */;
}
